{
  "nodes": {
    "nixpkgs": {
      "locked": {
        "lastModified": 1747186811,
        "narHash": "sha256-SrsSMVrYdk7ggfcyqlP+LHj9zGAJj8Pd25yg8TL14lw=",
        "owner": "NixOS",
        "repo": "nixpkgs",
        "rev": "93e1fe9e78de5be2cc8f9fc4d5ca3472c5b55231",
        "type": "github"
      },
      "original": {
        "owner": "NixOS",
        "repo": "nixpkgs",
        "type": "github"
      }
    },
    "root": {
      "inputs": {
        "nixpkgs": "nixpkgs",
        "tree-sitter-bencode": "tree-sitter-bencode"
      }
    },
    "tree-sitter-bencode": {
      "flake": false,
      "locked": {
        "lastModified": 1747362308,
        "narHash": "sha256-RgPtrXIbRc8ZWsdvPp3ddX+K1LpExufpl1gD/S2jUEo=",
        "owner": "Samasaur1",
        "repo": "tree-sitter-bencode",
        "rev": "033e919cbf80c260880304df89c5b7c7b14dc035",
        "type": "github"
      },
      "original": {
        "owner": "Samasaur1",
        "repo": "tree-sitter-bencode",
        "type": "github"
      }
    }
  },
  "root": "root",
  "version": 7
}
